
Microsoft Visual Studio Solution File, Format Version 12.00
# Visual Studio 2017
Project("{FAE04EC0-301F-11D3-BF4B-00C04F79EFBC}") = "terrain.Plugins", "terrain.Plugins.csproj", "{03175CE6-FE8D-B25F-A417-871259818818}"
EndProject
Project("{FAE04EC0-301F-11D3-BF4B-00C04F79EFBC}") = "terrain.Editor.Plugins", "terrain.Editor.Plugins.csproj", "{F77011B8-4500-68F4-BC3D-258A952EFF55}"
EndProject
Global
	GlobalSection(SolutionConfigurationPlatforms) = preSolution
		Debug|Any CPU = Debug|Any CPU
		Release|Any CPU = Release|Any CPU
	EndGlobalSection
	GlobalSection(ProjectConfigurationPlatforms) = postSolution
		{03175CE6-FE8D-B25F-A417-871259818818}.Debug|Any CPU.ActiveCfg = Debug|Any CPU
		{03175CE6-FE8D-B25F-A417-871259818818}.Debug|Any CPU.Build.0 = Debug|Any CPU
		{03175CE6-FE8D-B25F-A417-871259818818}.Release|Any CPU.ActiveCfg = Release|Any CPU
		{03175CE6-FE8D-B25F-A417-871259818818}.Release|Any CPU.Build.0 = Release|Any CPU
		{F77011B8-4500-68F4-BC3D-258A952EFF55}.Debug|Any CPU.ActiveCfg = Debug|Any CPU
		{F77011B8-4500-68F4-BC3D-258A952EFF55}.Debug|Any CPU.Build.0 = Debug|Any CPU
		{F77011B8-4500-68F4-BC3D-258A952EFF55}.Release|Any CPU.ActiveCfg = Release|Any CPU
		{F77011B8-4500-68F4-BC3D-258A952EFF55}.Release|Any CPU.Build.0 = Release|Any CPU
	EndGlobalSection
	GlobalSection(SolutionProperties) = preSolution
		HideSolutionNode = FALSE
	EndGlobalSection
EndGlobal
